{
  "requires": true,
  "lockfileVersion": 1,
  "dependencies": {
    "hammerjs": {
      "version": "2.0.8",
      "resolved": "https://registry.npmjs.org/hammerjs/-/hammerjs-2.0.8.tgz",
      "integrity": "sha1-BO93hiz/K7edMPdpIJWTAiK/YPE="
    },
    "hover.css": {
      "version": "2.2.1",
      "resolved": "https://registry.npmjs.org/hover.css/-/hover.css-2.2.1.tgz",
      "integrity": "sha1-EdgVJfeo+jO1ZPwyLAe0VLa8UaA="
    },
    "jquery": {
      "version": "3.2.1",
      "resolved": "https://registry.npmjs.org/jquery/-/jquery-3.2.1.tgz",
      "integrity": "sha1-XE2d5lKvbNCncBVKYxu6ErAVx4c="
    },
    "materialize-css": {
      "version": "1.0.0-alpha.1",
      "resolved": "https://registry.npmjs.org/materialize-css/-/materialize-css-1.0.0-alpha.1.tgz",
      "integrity": "sha1-REWo8U6eVZdmx0FZG0JuwkjVRlE="
    }
  }
}
